
Microsoft Visual Studio Solution File, Format Version 12.00
# Visual Studio Version 17
VisualStudioVersion = 17.6.33712.159
MinimumVisualStudioVersion = 10.0.40219.1
Project("{9A19103F-16F7-4668-BE54-9A1E7A4F7556}") = "Blog", "Blog.csproj", "{DEE263EB-9BF1-43BE-8268-E3D418C5DFDE}"
EndProject
Global
	GlobalSection(SolutionConfigurationPlatforms) = preSolution
		Debug|Any CPU = Debug|Any CPU
		Release|Any CPU = Release|Any CPU
	EndGlobalSection
	GlobalSection(ProjectConfigurationPlatforms) = postSolution
		{DEE263EB-9BF1-43BE-8268-E3D418C5DFDE}.Debug|Any CPU.ActiveCfg = Debug|Any CPU
		{DEE263EB-9BF1-43BE-8268-E3D418C5DFDE}.Debug|Any CPU.Build.0 = Debug|Any CPU
		{DEE263EB-9BF1-43BE-8268-E3D418C5DFDE}.Release|Any CPU.ActiveCfg = Release|Any CPU
		{DEE263EB-9BF1-43BE-8268-E3D418C5DFDE}.Release|Any CPU.Build.0 = Release|Any CPU
	EndGlobalSection
	GlobalSection(SolutionProperties) = preSolution
		HideSolutionNode = FALSE
	EndGlobalSection
	GlobalSection(ExtensibilityGlobals) = postSolution
		SolutionGuid = {9F79311D-4EBD-479A-B25E-63BD4D86D092}
	EndGlobalSection
EndGlobal
